<Solution>
  <Folder Name="/src/">
    <Project Path="src/AutonomousArena.Client/AutonomousArena.Client.csproj" />
    <Project Path="src/AutonomousArena.Core/AutonomousArena.Core.csproj" />
    <Project Path="src/AutonomousArena.Headless/AutonomousArena.Headless.csproj" />
  </Folder>
  <Folder Name="/tests/">
    <Project Path="tests/AutonomousArena.Core.Tests/AutonomousArena.Core.Tests.csproj" />
  </Folder>
</Solution>
